{
  "name": "saltyrtc-demo",
  "version": "0.2.0",
  "lockfileVersion": 1,
  "requires": true,
  "dependencies": {
    "@saltyrtc/chunked-dc": {
      "version": "2.0.1",
      "resolved": "https://registry.npmjs.org/@saltyrtc/chunked-dc/-/chunked-dc-2.0.1.tgz",
      "integrity": "sha512-0LhnDVsiI3trhba90Ih8QZrgmN4qy27YAAiuNq06Ql7FNzocNS1BA80Y0Vd4nbWAbOE+LcPkrDyPCyFGc7ku/g=="
    },
    "@saltyrtc/client": {
      "version": "0.14.3",
      "resolved": "https://registry.npmjs.org/@saltyrtc/client/-/client-0.14.3.tgz",
      "integrity": "sha512-ouTjOK8+06i/vYbH1cTrF/zMj+Ff9WuF0bb7rYJz0z/jzmdkdJhPH35mArdPaRSJ9sdDQaVUFQUTd1E3+amD9w=="
    },
    "@saltyrtc/task-webrtc": {
      "version": "git+https://github.com/saltyrtc/saltyrtc-task-webrtc-js.git#2ba21ac232773e7b0fda4ab9f6c2865e0b0a11d8",
      "from": "git+https://github.com/saltyrtc/saltyrtc-task-webrtc-js.git#new-api-dist",
      "requires": {
        "@saltyrtc/chunked-dc": "^2.0.1"
      }
    },
    "event-lite": {
      "version": "0.1.1",
      "resolved": "https://registry.npmjs.org/event-lite/-/event-lite-0.1.1.tgz",
      "integrity": "sha1-R88IqNN9C2lM23s7F7UfqsZXYIY="
    },
    "ieee754": {
      "version": "1.1.8",
      "resolved": "https://registry.npmjs.org/ieee754/-/ieee754-1.1.8.tgz",
      "integrity": "sha1-vjPUCsEO8ZJnAfbwii2G+/0a0+Q="
    },
    "int64-buffer": {
      "version": "0.1.9",
      "resolved": "https://registry.npmjs.org/int64-buffer/-/int64-buffer-0.1.9.tgz",
      "integrity": "sha1-ngOdoEOyT3ixlrKD4EZT716ZD2E="
    },
    "isarray": {
      "version": "1.0.0",
      "resolved": "https://registry.npmjs.org/isarray/-/isarray-1.0.0.tgz",
      "integrity": "sha1-u5NdSFgsuhaMBoNJV6VKPgcSTxE="
    },
    "msgpack-lite": {
      "version": "0.1.26",
      "resolved": "https://registry.npmjs.org/msgpack-lite/-/msgpack-lite-0.1.26.tgz",
      "integrity": "sha1-3TxQsm8FnyXn7e42REGDWOKprYk=",
      "requires": {
        "event-lite": "^0.1.1",
        "ieee754": "^1.1.8",
        "int64-buffer": "^0.1.9",
        "isarray": "^1.0.0"
      }
    },
    "rtcpeerconnection-shim": {
      "version": "1.2.15",
      "resolved": "https://registry.npmjs.org/rtcpeerconnection-shim/-/rtcpeerconnection-shim-1.2.15.tgz",
      "integrity": "sha512-C6DxhXt7bssQ1nHb154lqeL0SXz5Dx4RczXZu2Aa/L1NJFnEVDxFwCBo3fqtuljhHIGceg5JKBV4XJ0gW5JKyw==",
      "requires": {
        "sdp": "^2.6.0"
      }
    },
    "sdp": {
      "version": "2.9.0",
      "resolved": "https://registry.npmjs.org/sdp/-/sdp-2.9.0.tgz",
      "integrity": "sha512-XAVZQO4qsfzVTHorF49zCpkdxiGmPNjA8ps8RcJGtGP3QJ/A8I9/SVg/QnkAFDMXIyGbHZBBFwYBw6WdnhT96w=="
    },
    "tweetnacl": {
      "version": "1.0.1",
      "resolved": "https://registry.npmjs.org/tweetnacl/-/tweetnacl-1.0.1.tgz",
      "integrity": "sha512-kcoMoKTPYnoeS50tzoqjPY3Uv9axeuuFAZY9M/9zFnhoVvRfxz9K29IMPD7jGmt2c8SW7i3gT9WqDl2+nV7p4A=="
    },
    "webrtc-adapter": {
      "version": "7.2.1",
      "resolved": "https://registry.npmjs.org/webrtc-adapter/-/webrtc-adapter-7.2.1.tgz",
      "integrity": "sha512-Mrhy+tL1OHHBf/40rVFoEEvJ0VSxqmGVR65e5PSpFLky1A0bjO1oWbEWp09Udh7KPaoZ/GK+z38tuYmdrhQBxQ==",
      "requires": {
        "rtcpeerconnection-shim": "^1.2.15",
        "sdp": "^2.9.0"
      }
    }
  }
}
