{
  "name": "saltyrtc-demo",
  "version": "0.2.0",
  "lockfileVersion": 1,
  "requires": true,
  "dependencies": {
    "@saltyrtc/chunked-dc": {
      "version": "1.0.0",
      "resolved": "https://registry.npmjs.org/@saltyrtc/chunked-dc/-/chunked-dc-1.0.0.tgz",
      "integrity": "sha1-ft8+rWGG7n7a2txokugdzkPw5a0="
    },
    "@saltyrtc/client": {
      "version": "0.11.0",
      "resolved": "https://registry.npmjs.org/@saltyrtc/client/-/client-0.11.0.tgz",
      "integrity": "sha512-uXd7vd9erSOeE6J2s2kmczjKSFgKoYQ9Uzk3Irp+LiXNAjof70SQVMwcVLL/dolaN8+/8XTj8BzkRz72/e3xzA=="
    },
    "@saltyrtc/task-webrtc": {
      "version": "0.11.0",
      "resolved": "https://registry.npmjs.org/@saltyrtc/task-webrtc/-/task-webrtc-0.11.0.tgz",
      "integrity": "sha512-/Ykn177JBk3S0xuHBNoaomr58ocv+Xxxd3bTnDKX/dIWBbunL7+idmCqyYqDIck1ebIxhta2xsP64qfIbFVvHg==",
      "requires": {
        "@saltyrtc/chunked-dc": "^1.0.0"
      }
    },
    "event-lite": {
      "version": "0.1.1",
      "resolved": "https://registry.npmjs.org/event-lite/-/event-lite-0.1.1.tgz",
      "integrity": "sha1-R88IqNN9C2lM23s7F7UfqsZXYIY="
    },
    "ieee754": {
      "version": "1.1.8",
      "resolved": "https://registry.npmjs.org/ieee754/-/ieee754-1.1.8.tgz",
      "integrity": "sha1-vjPUCsEO8ZJnAfbwii2G+/0a0+Q="
    },
    "int64-buffer": {
      "version": "0.1.9",
      "resolved": "https://registry.npmjs.org/int64-buffer/-/int64-buffer-0.1.9.tgz",
      "integrity": "sha1-ngOdoEOyT3ixlrKD4EZT716ZD2E="
    },
    "isarray": {
      "version": "1.0.0",
      "resolved": "https://registry.npmjs.org/isarray/-/isarray-1.0.0.tgz",
      "integrity": "sha1-u5NdSFgsuhaMBoNJV6VKPgcSTxE="
    },
    "msgpack-lite": {
      "version": "0.1.26",
      "resolved": "https://registry.npmjs.org/msgpack-lite/-/msgpack-lite-0.1.26.tgz",
      "integrity": "sha1-3TxQsm8FnyXn7e42REGDWOKprYk=",
      "requires": {
        "event-lite": "^0.1.1",
        "ieee754": "^1.1.8",
        "int64-buffer": "^0.1.9",
        "isarray": "^1.0.0"
      }
    },
    "rtcpeerconnection-shim": {
      "version": "1.2.11",
      "resolved": "https://registry.npmjs.org/rtcpeerconnection-shim/-/rtcpeerconnection-shim-1.2.11.tgz",
      "integrity": "sha512-Vns4aLKXTrLZCjDOlPZL1nymFiSpqs15TeF+wG1TSLO1kXRrCuT5SjL+Zb8RCP7t3JNfnCuTn+qMlCGQu5NvhQ==",
      "requires": {
        "sdp": "^2.6.0"
      }
    },
    "sdp": {
      "version": "2.7.0",
      "resolved": "https://registry.npmjs.org/sdp/-/sdp-2.7.0.tgz",
      "integrity": "sha512-H/r89sRrnrJULbMzHLhC/LwQiMHu4GeItj6X3p7a6ADngGDnJXFIu2baTO6sjPBxMG+vtmlkUj7qwMccNzgk1w=="
    },
    "tweetnacl": {
      "version": "1.0.0",
      "resolved": "https://registry.npmjs.org/tweetnacl/-/tweetnacl-1.0.0.tgz",
      "integrity": "sha1-cT2LgY2kIGh0C/aDhtBHnmb8ins="
    },
    "webrtc-adapter": {
      "version": "6.1.5",
      "resolved": "https://registry.npmjs.org/webrtc-adapter/-/webrtc-adapter-6.1.5.tgz",
      "integrity": "sha1-33Lkr1y2Z1ZWyJbbDRGHaVNZIgs=",
      "requires": {
        "rtcpeerconnection-shim": "^1.2.10",
        "sdp": "^2.7.0"
      }
    }
  }
}
